// !$*UTF8*$!
{
	archiveVersion = 1;
	classes = {
	};
	objectVersion = 56;
	objects = {

/* Begin PBXBuildFile section */
		D0000001A1000001000000AA /* ToshoApp.swift in Sources */ = {isa = PBXBuildFile; fileRef = D0000002A1000001000000AA /* ToshoApp.swift */; };
		D0000003A1000001000000AA /* ContentView.swift in Sources */ = {isa = PBXBuildFile; fileRef = D0000004A1000001000000AA /* ContentView.swift */; };
		D0000005A1000001000000AA /* ReaderView.swift in Sources */ = {isa = PBXBuildFile; fileRef = D0000006A1000001000000AA /* ReaderView.swift */; };
		D0000007A1000001000000AA /* ReaderViewModel.swift in Sources */ = {isa = PBXBuildFile; fileRef = D0000008A1000001000000AA /* ReaderViewModel.swift */; };
		D0000009A1000001000000AA /* Assets.xcassets in Resources */ = {isa = PBXBuildFile; fileRef = D000000AA1000001000000AA /* Assets.xcassets */; };
		AE5F3155A07FC84B49909FBUILD /* ArchiveExtractor.swift in Sources */ = {isa = PBXBuildFile; fileRef = AE4C3DC8F29A8947FEBD80 /* ArchiveExtractor.swift */; };
		TD647232D17360463790FABUILD /* ToshoDocument.swift in Sources */ = {isa = PBXBuildFile; fileRef = TD1CCDBAE5544641D29995 /* ToshoDocument.swift */; };
		RD8472A3E12B59C7F891BUILD /* ReadingDirection.swift in Sources */ = {isa = PBXBuildFile; fileRef = RD5A39B8C47E28D4A653F0 /* ReadingDirection.swift */; };
		DL8472A3E12B59C7F891BUILD /* DebugLogger.swift in Sources */ = {isa = PBXBuildFile; fileRef = DL5A39B8C47E28D4A653F0 /* DebugLogger.swift */; };
/* End PBXBuildFile section */

/* Begin PBXFileReference section */
		D0000002A1000001000000AA /* ToshoApp.swift */ = {isa = PBXFileReference; lastKnownFileType = sourcecode.swift; path = ToshoApp.swift; sourceTree = "<group>"; };
		D0000004A1000001000000AA /* ContentView.swift */ = {isa = PBXFileReference; lastKnownFileType = sourcecode.swift; path = ContentView.swift; sourceTree = "<group>"; };
		D0000006A1000001000000AA /* ReaderView.swift */ = {isa = PBXFileReference; lastKnownFileType = sourcecode.swift; path = ReaderView.swift; sourceTree = "<group>"; };
		D0000008A1000001000000AA /* ReaderViewModel.swift */ = {isa = PBXFileReference; lastKnownFileType = sourcecode.swift; path = ReaderViewModel.swift; sourceTree = "<group>"; };
		D000000AA1000001000000AA /* Assets.xcassets */ = {isa = PBXFileReference; lastKnownFileType = folder.assetcatalog; path = Assets.xcassets; sourceTree = "<group>"; };
		D000000BA1000001000000AA /* Tosho.app */ = {isa = PBXFileReference; explicitFileType = wrapper.application; includeInIndex = 0; path = Tosho.app; sourceTree = BUILT_PRODUCTS_DIR; };
		D000000CA1000001000000AA /* Info.plist */ = {isa = PBXFileReference; lastKnownFileType = text.plist.xml; path = Info.plist; sourceTree = "<group>"; };
		D000000EA1000001000000AB /* Tosho.entitlements */ = {isa = PBXFileReference; lastKnownFileType = text.plist.entitlements; path = Tosho.entitlements; sourceTree = "<group>"; };
		AE4C3DC8F29A8947FEBD80 /* ArchiveExtractor.swift */ = {isa = PBXFileReference; lastKnownFileType = sourcecode.swift; path = ArchiveExtractor.swift; sourceTree = "<group>"; };
		TD1CCDBAE5544641D29995 /* ToshoDocument.swift */ = {isa = PBXFileReference; lastKnownFileType = sourcecode.swift; path = ToshoDocument.swift; sourceTree = "<group>"; };
		RD5A39B8C47E28D4A653F0 /* ReadingDirection.swift */ = {isa = PBXFileReference; lastKnownFileType = sourcecode.swift; path = ReadingDirection.swift; sourceTree = "<group>"; };
		DL5A39B8C47E28D4A653F0 /* DebugLogger.swift */ = {isa = PBXFileReference; lastKnownFileType = sourcecode.swift; path = DebugLogger.swift; sourceTree = "<group>"; };
		DOC001A1000001000000AA /* README.md */ = {isa = PBXFileReference; lastKnownFileType = net.daringfireball.markdown; path = README.md; sourceTree = "<group>"; };
		DOC002A1000001000000AA /* CLAUDE.md */ = {isa = PBXFileReference; lastKnownFileType = net.daringfireball.markdown; path = CLAUDE.md; sourceTree = "<group>"; };
		DOC003A1000001000000AA /* .gitignore */ = {isa = PBXFileReference; lastKnownFileType = text; path = .gitignore; sourceTree = "<group>"; };
		DOC004A1000001000000AA /* .swiftlint.yml */ = {isa = PBXFileReference; lastKnownFileType = text.yaml; path = .swiftlint.yml; sourceTree = "<group>"; };
		DOC005A1000001000000AA /* dependabot.yml */ = {isa = PBXFileReference; lastKnownFileType = text.yaml; path = dependabot.yml; sourceTree = "<group>"; };
/* End PBXFileReference section */

/* Begin PBXFrameworksBuildPhase section */
		D000000DA1000001000000AA /* Frameworks */ = {
			isa = PBXFrameworksBuildPhase;
			buildActionMask = 2147483647;
			files = (
			);
			runOnlyForDeploymentPostprocessing = 0;
		};
/* End PBXFrameworksBuildPhase section */

/* Begin PBXGroup section */
		D000000EA1000001000000AA = {
			isa = PBXGroup;
			children = (
				D000000FA1000001000000AA,
				D0000010A1000001000000AA /* Products */,
			);
			sourceTree = "<group>";
		};
		D000000FA1000001000000AA = {
			isa = PBXGroup;
			children = (
				D0000011A1000001000000AA /* App */,
				D0000012A1000001000000AA /* Views */,
				D0000013A1000001000000AA /* ViewModels */,
				D0000014A1000001000000AA /* Models */,
				D0000015A1000001000000AA /* Services */,
				D0000016A1000001000000AA /* Utilities */,
				D0000017A1000001000000AA /* Resources */,
				DOC100A1000001000000AA /* Documentation */,
			);
			sourceTree = "<group>";
		};
		D0000010A1000001000000AA /* Products */ = {
			isa = PBXGroup;
			children = (
				D000000BA1000001000000AA /* Tosho.app */,
			);
			name = Products;
			sourceTree = "<group>";
		};
		D0000011A1000001000000AA /* App */ = {
			isa = PBXGroup;
			children = (
				D0000002A1000001000000AA /* ToshoApp.swift */,
				D000000CA1000001000000AA /* Info.plist */,
				D000000EA1000001000000AB /* Tosho.entitlements */,
			);
			path = App;
			sourceTree = "<group>";
		};
		D0000012A1000001000000AA /* Views */ = {
			isa = PBXGroup;
			children = (
				D0000004A1000001000000AA /* ContentView.swift */,
				D0000006A1000001000000AA /* ReaderView.swift */,
			);
			path = Views;
			sourceTree = "<group>";
		};
		D0000013A1000001000000AA /* ViewModels */ = {
			isa = PBXGroup;
			children = (
				D0000008A1000001000000AA /* ReaderViewModel.swift */,
			);
			path = ViewModels;
			sourceTree = "<group>";
		};
		D0000014A1000001000000AA /* Models */ = {
			isa = PBXGroup;
			children = (
				TD1CCDBAE5544641D29995 /* ToshoDocument.swift */,
				RD5A39B8C47E28D4A653F0 /* ReadingDirection.swift */,
			);
			path = Models;
			sourceTree = "<group>";
		};
		D0000015A1000001000000AA /* Services */ = {
			isa = PBXGroup;
			children = (
				AE4C3DC8F29A8947FEBD80 /* ArchiveExtractor.swift */,
			);
			path = Services;
			sourceTree = "<group>";
		};
		D0000016A1000001000000AA /* Utilities */ = {
			isa = PBXGroup;
			children = (
				DL5A39B8C47E28D4A653F0 /* DebugLogger.swift */,
			);
			path = Utilities;
			sourceTree = "<group>";
		};
		D0000017A1000001000000AA /* Resources */ = {
			isa = PBXGroup;
			children = (
				D000000AA1000001000000AA /* Assets.xcassets */,
			);
			path = Resources;
			sourceTree = "<group>";
		};
		DOC100A1000001000000AA /* Documentation */ = {
			isa = PBXGroup;
			children = (
				DOC001A1000001000000AA /* README.md */,
				DOC002A1000001000000AA /* CLAUDE.md */,
				DOC003A1000001000000AA /* .gitignore */,
				DOC004A1000001000000AA /* .swiftlint.yml */,
				DOC200A1000001000000AA /* .github */,
			);
			name = Documentation;
			sourceTree = "<group>";
		};
		DOC200A1000001000000AA /* .github */ = {
			isa = PBXGroup;
			children = (
				DOC005A1000001000000AA /* dependabot.yml */,
			);
			path = .github;
			sourceTree = "<group>";
		};
/* End PBXGroup section */

/* Begin PBXNativeTarget section */
		D0000018A1000001000000AA /* Tosho */ = {
			isa = PBXNativeTarget;
			buildConfigurationList = D0000019A1000001000000AA /* Build configuration list for PBXNativeTarget "Tosho" */;
			buildPhases = (
				D000001AA1000001000000AA /* Sources */,
				D000000DA1000001000000AA /* Frameworks */,
				D000001BA1000001000000AA /* Resources */,
			);
			buildRules = (
			);
			dependencies = (
			);
			name = Tosho;
			productName = Tosho;
			productReference = D000000BA1000001000000AA /* Tosho.app */;
			productType = "com.apple.product-type.application";
		};
/* End PBXNativeTarget section */

/* Begin PBXProject section */
		D000001CA1000001000000AA /* Project object */ = {
			isa = PBXProject;
			attributes = {
				BuildIndependentTargetsInParallel = 1;
				LastSwiftUpdateCheck = 1500;
				LastUpgradeCheck = 2600;
				TargetAttributes = {
					D0000018A1000001000000AA = {
						CreatedOnToolsVersion = 15.0;
					};
				};
			};
			buildConfigurationList = D000001DA1000001000000AA /* Build configuration list for PBXProject "Tosho" */;
			compatibilityVersion = "Xcode 14.0";
			developmentRegion = en;
			hasScannedForEncodings = 0;
			knownRegions = (
				en,
				Base,
			);
			mainGroup = D000000EA1000001000000AA;
			productRefGroup = D0000010A1000001000000AA /* Products */;
			projectDirPath = "";
			projectRoot = "";
			targets = (
				D0000018A1000001000000AA /* Tosho */,
			);
		};
/* End PBXProject section */

/* Begin PBXResourcesBuildPhase section */
		D000001BA1000001000000AA /* Resources */ = {
			isa = PBXResourcesBuildPhase;
			buildActionMask = 2147483647;
			files = (
				D0000009A1000001000000AA /* Assets.xcassets in Resources */,
			);
			runOnlyForDeploymentPostprocessing = 0;
		};
/* End PBXResourcesBuildPhase section */

/* Begin PBXSourcesBuildPhase section */
		D000001AA1000001000000AA /* Sources */ = {
			isa = PBXSourcesBuildPhase;
			buildActionMask = 2147483647;
			files = (
				D0000003A1000001000000AA /* ContentView.swift in Sources */,
				D0000005A1000001000000AA /* ReaderView.swift in Sources */,
				D0000007A1000001000000AA /* ReaderViewModel.swift in Sources */,
				AE5F3155A07FC84B49909FBUILD /* ArchiveExtractor.swift in Sources */,
				TD647232D17360463790FABUILD /* ToshoDocument.swift in Sources */,
				RD8472A3E12B59C7F891BUILD /* ReadingDirection.swift in Sources */,
				DL8472A3E12B59C7F891BUILD /* DebugLogger.swift in Sources */,
				D0000001A1000001000000AA /* ToshoApp.swift in Sources */,
			);
			runOnlyForDeploymentPostprocessing = 0;
		};
/* End PBXSourcesBuildPhase section */

/* Begin XCBuildConfiguration section */
		D000001EA1000001000000AA /* Debug */ = {
			isa = XCBuildConfiguration;
			buildSettings = {
				ALWAYS_SEARCH_USER_PATHS = NO;
				ASSETCATALOG_COMPILER_GENERATE_SWIFT_ASSET_SYMBOL_EXTENSIONS = YES;
				CLANG_ANALYZER_NONNULL = YES;
				CLANG_ANALYZER_NUMBER_OBJECT_CONVERSION = YES_AGGRESSIVE;
				CLANG_CXX_LANGUAGE_STANDARD = "gnu++20";
				CLANG_ENABLE_MODULES = YES;
				CLANG_ENABLE_OBJC_ARC = YES;
				CLANG_ENABLE_OBJC_WEAK = YES;
				CLANG_WARN_BLOCK_CAPTURE_AUTORELEASING = YES;
				CLANG_WARN_BOOL_CONVERSION = YES;
				CLANG_WARN_COMMA = YES;
				CLANG_WARN_CONSTANT_CONVERSION = YES;
				CLANG_WARN_DEPRECATED_OBJC_IMPLEMENTATIONS = YES;
				CLANG_WARN_DIRECT_OBJC_ISA_USAGE = YES_ERROR;
				CLANG_WARN_DOCUMENTATION_COMMENTS = YES;
				CLANG_WARN_EMPTY_BODY = YES;
				CLANG_WARN_ENUM_CONVERSION = YES;
				CLANG_WARN_INFINITE_RECURSION = YES;
				CLANG_WARN_INT_CONVERSION = YES;
				CLANG_WARN_NON_LITERAL_NULL_CONVERSION = YES;
				CLANG_WARN_OBJC_IMPLICIT_RETAIN_SELF = YES;
				CLANG_WARN_OBJC_LITERAL_CONVERSION = YES;
				CLANG_WARN_OBJC_ROOT_CLASS = YES_ERROR;
				CLANG_WARN_QUOTED_INCLUDE_IN_FRAMEWORK_HEADER = YES;
				CLANG_WARN_RANGE_LOOP_ANALYSIS = YES;
				CLANG_WARN_STRICT_PROTOTYPES = YES;
				CLANG_WARN_SUSPICIOUS_MOVE = YES;
				CLANG_WARN_UNGUARDED_AVAILABILITY = YES_AGGRESSIVE;
				CLANG_WARN_UNREACHABLE_CODE = YES;
				CLANG_WARN__DUPLICATE_METHOD_MATCH = YES;
				COPY_PHASE_STRIP = NO;
				DEAD_CODE_STRIPPING = YES;
				DEBUG_INFORMATION_FORMAT = dwarf;
				ENABLE_STRICT_OBJC_MSGSEND = YES;
				ENABLE_TESTABILITY = YES;
				ENABLE_USER_SCRIPT_SANDBOXING = YES;
				GCC_C_LANGUAGE_STANDARD = gnu17;
				GCC_DYNAMIC_NO_PIC = NO;
				GCC_NO_COMMON_BLOCKS = YES;
				GCC_OPTIMIZATION_LEVEL = 0;
				GCC_PREPROCESSOR_DEFINITIONS = (
					"DEBUG=1",
					"$(inherited)",
				);
				GCC_WARN_64_TO_32_BIT_CONVERSION = YES;
				GCC_WARN_ABOUT_RETURN_TYPE = YES_ERROR;
				GCC_WARN_UNDECLARED_SELECTOR = YES;
				GCC_WARN_UNINITIALIZED_AUTOS = YES_AGGRESSIVE;
				GCC_WARN_UNUSED_FUNCTION = YES;
				GCC_WARN_UNUSED_VARIABLE = YES;
				LOCALIZATION_PREFERS_STRING_CATALOGS = YES;
				MACOSX_DEPLOYMENT_TARGET = 14.0;
				MTL_ENABLE_DEBUG_INFO = INCLUDE_SOURCE;
				MTL_FAST_MATH = YES;
				ONLY_ACTIVE_ARCH = YES;
				SDKROOT = macosx;
				STRING_CATALOG_GENERATE_SYMBOLS = YES;
				SWIFT_ACTIVE_COMPILATION_CONDITIONS = "DEBUG $(inherited)";
				SWIFT_OPTIMIZATION_LEVEL = "-Onone";
			};
			name = Debug;
		};
		D000001FA1000001000000AA /* Release */ = {
			isa = XCBuildConfiguration;
			buildSettings = {
				ALWAYS_SEARCH_USER_PATHS = NO;
				ASSETCATALOG_COMPILER_GENERATE_SWIFT_ASSET_SYMBOL_EXTENSIONS = YES;
				CLANG_ANALYZER_NONNULL = YES;
				CLANG_ANALYZER_NUMBER_OBJECT_CONVERSION = YES_AGGRESSIVE;
				CLANG_CXX_LANGUAGE_STANDARD = "gnu++20";
				CLANG_ENABLE_MODULES = YES;
				CLANG_ENABLE_OBJC_ARC = YES;
				CLANG_ENABLE_OBJC_WEAK = YES;
				CLANG_WARN_BLOCK_CAPTURE_AUTORELEASING = YES;
				CLANG_WARN_BOOL_CONVERSION = YES;
				CLANG_WARN_COMMA = YES;
				CLANG_WARN_CONSTANT_CONVERSION = YES;
				CLANG_WARN_DEPRECATED_OBJC_IMPLEMENTATIONS = YES;
				CLANG_WARN_DIRECT_OBJC_ISA_USAGE = YES_ERROR;
				CLANG_WARN_DOCUMENTATION_COMMENTS = YES;
				CLANG_WARN_EMPTY_BODY = YES;
				CLANG_WARN_ENUM_CONVERSION = YES;
				CLANG_WARN_INFINITE_RECURSION = YES;
				CLANG_WARN_INT_CONVERSION = YES;
				CLANG_WARN_NON_LITERAL_NULL_CONVERSION = YES;
				CLANG_WARN_OBJC_IMPLICIT_RETAIN_SELF = YES;
				CLANG_WARN_OBJC_LITERAL_CONVERSION = YES;
				CLANG_WARN_OBJC_ROOT_CLASS = YES_ERROR;
				CLANG_WARN_QUOTED_INCLUDE_IN_FRAMEWORK_HEADER = YES;
				CLANG_WARN_RANGE_LOOP_ANALYSIS = YES;
				CLANG_WARN_STRICT_PROTOTYPES = YES;
				CLANG_WARN_SUSPICIOUS_MOVE = YES;
				CLANG_WARN_UNGUARDED_AVAILABILITY = YES_AGGRESSIVE;
				CLANG_WARN_UNREACHABLE_CODE = YES;
				CLANG_WARN__DUPLICATE_METHOD_MATCH = YES;
				COPY_PHASE_STRIP = NO;
				DEAD_CODE_STRIPPING = YES;
				DEBUG_INFORMATION_FORMAT = "dwarf-with-dsym";
				ENABLE_NS_ASSERTIONS = NO;
				ENABLE_STRICT_OBJC_MSGSEND = YES;
				ENABLE_USER_SCRIPT_SANDBOXING = YES;
				GCC_C_LANGUAGE_STANDARD = gnu17;
				GCC_NO_COMMON_BLOCKS = YES;
				GCC_WARN_64_TO_32_BIT_CONVERSION = YES;
				GCC_WARN_ABOUT_RETURN_TYPE = YES_ERROR;
				GCC_WARN_UNDECLARED_SELECTOR = YES;
				GCC_WARN_UNINITIALIZED_AUTOS = YES_AGGRESSIVE;
				GCC_WARN_UNUSED_FUNCTION = YES;
				GCC_WARN_UNUSED_VARIABLE = YES;
				LOCALIZATION_PREFERS_STRING_CATALOGS = YES;
				MACOSX_DEPLOYMENT_TARGET = 14.0;
				MTL_ENABLE_DEBUG_INFO = NO;
				MTL_FAST_MATH = YES;
				SDKROOT = macosx;
				STRING_CATALOG_GENERATE_SYMBOLS = YES;
				SWIFT_COMPILATION_MODE = wholemodule;
			};
			name = Release;
		};
		D0000020A1000001000000AA /* Debug */ = {
			isa = XCBuildConfiguration;
			buildSettings = {
				ASSETCATALOG_COMPILER_APPICON_NAME = AppIcon;
				ASSETCATALOG_COMPILER_GLOBAL_ACCENT_COLOR_NAME = AccentColor;
				CODE_SIGN_ENTITLEMENTS = App/Tosho.entitlements;
				CODE_SIGN_STYLE = Automatic;
				COMBINE_HIDPI_IMAGES = YES;
				CURRENT_PROJECT_VERSION = 1;
				DEAD_CODE_STRIPPING = YES;
				ENABLE_APP_SANDBOX = YES;
				ENABLE_FILE_ACCESS_DOWNLOADS_FOLDER = readonly;
				ENABLE_FILE_ACCESS_PICTURE_FOLDER = readonly;
				ENABLE_PREVIEWS = YES;
				ENABLE_USER_SELECTED_FILES = readonly;
				GENERATE_INFOPLIST_FILE = NO;
				INFOPLIST_FILE = App/Info.plist;
				INFOPLIST_KEY_NSHumanReadableCopyright = "";
				LD_RUNPATH_SEARCH_PATHS = (
					"$(inherited)",
					"@executable_path/../Frameworks",
				);
				MARKETING_VERSION = 1.0;
				PRODUCT_BUNDLE_IDENTIFIER = com.personal.tosho;
				PRODUCT_NAME = "$(TARGET_NAME)";
				SWIFT_EMIT_LOC_STRINGS = YES;
				SWIFT_VERSION = 5.0;
			};
			name = Debug;
		};
		D0000021A1000001000000AA /* Release */ = {
			isa = XCBuildConfiguration;
			buildSettings = {
				ASSETCATALOG_COMPILER_APPICON_NAME = AppIcon;
				ASSETCATALOG_COMPILER_GLOBAL_ACCENT_COLOR_NAME = AccentColor;
				CODE_SIGN_ENTITLEMENTS = App/Tosho.entitlements;
				CODE_SIGN_STYLE = Automatic;
				COMBINE_HIDPI_IMAGES = YES;
				CURRENT_PROJECT_VERSION = 1;
				DEAD_CODE_STRIPPING = YES;
				ENABLE_APP_SANDBOX = YES;
				ENABLE_FILE_ACCESS_DOWNLOADS_FOLDER = readonly;
				ENABLE_FILE_ACCESS_PICTURE_FOLDER = readonly;
				ENABLE_PREVIEWS = YES;
				ENABLE_USER_SELECTED_FILES = readonly;
				GENERATE_INFOPLIST_FILE = NO;
				INFOPLIST_FILE = App/Info.plist;
				INFOPLIST_KEY_NSHumanReadableCopyright = "";
				LD_RUNPATH_SEARCH_PATHS = (
					"$(inherited)",
					"@executable_path/../Frameworks",
				);
				MARKETING_VERSION = 1.0;
				PRODUCT_BUNDLE_IDENTIFIER = com.personal.tosho;
				PRODUCT_NAME = "$(TARGET_NAME)";
				SWIFT_EMIT_LOC_STRINGS = YES;
				SWIFT_VERSION = 5.0;
			};
			name = Release;
		};
/* End XCBuildConfiguration section */

/* Begin XCConfigurationList section */
		D0000019A1000001000000AA /* Build configuration list for PBXNativeTarget "Tosho" */ = {
			isa = XCConfigurationList;
			buildConfigurations = (
				D0000021A1000001000000AA /* Release */,
				D0000020A1000001000000AA /* Debug */,
			);
			defaultConfigurationIsVisible = 0;
			defaultConfigurationName = Release;
		};
		D000001DA1000001000000AA /* Build configuration list for PBXProject "Tosho" */ = {
			isa = XCConfigurationList;
			buildConfigurations = (
				D000001EA1000001000000AA /* Debug */,
				D000001FA1000001000000AA /* Release */,
			);
			defaultConfigurationIsVisible = 0;
			defaultConfigurationName = Release;
		};
/* End XCConfigurationList section */
	};
	rootObject = D000001CA1000001000000AA /* Project object */;
}
